
Microsoft Visual Studio Solution File, Format Version 12.00
# Visual Studio Version 17
VisualStudioVersion = 17.3.32819.101
MinimumVisualStudioVersion = 10.0.40219.1
Project("{FAE04EC0-301F-11D3-BF4B-00C04F79EFBC}") = "AddressBook", "AddressBook\AddressBook.csproj", "{8932CBA8-DA23-46FE-8BED-2634512B2C86}"
EndProject
Project("{FAE04EC0-301F-11D3-BF4B-00C04F79EFBC}") = "BusinessTier", "BusinessTier\BusinessTier.csproj", "{ABFBF093-229B-4D16-A40F-B241E9C67DD1}"
EndProject
Project("{FAE04EC0-301F-11D3-BF4B-00C04F79EFBC}") = "DataTier", "DataTier\DataTier.csproj", "{EB49F264-2586-4775-85B4-9A356215C532}"
EndProject
Global
	GlobalSection(SolutionConfigurationPlatforms) = preSolution
		Debug|Any CPU = Debug|Any CPU
		Release|Any CPU = Release|Any CPU
	EndGlobalSection
	GlobalSection(ProjectConfigurationPlatforms) = postSolution
		{8932CBA8-DA23-46FE-8BED-2634512B2C86}.Debug|Any CPU.ActiveCfg = Debug|Any CPU
		{8932CBA8-DA23-46FE-8BED-2634512B2C86}.Debug|Any CPU.Build.0 = Debug|Any CPU
		{8932CBA8-DA23-46FE-8BED-2634512B2C86}.Release|Any CPU.ActiveCfg = Release|Any CPU
		{8932CBA8-DA23-46FE-8BED-2634512B2C86}.Release|Any CPU.Build.0 = Release|Any CPU
		{ABFBF093-229B-4D16-A40F-B241E9C67DD1}.Debug|Any CPU.ActiveCfg = Debug|Any CPU
		{ABFBF093-229B-4D16-A40F-B241E9C67DD1}.Debug|Any CPU.Build.0 = Debug|Any CPU
		{ABFBF093-229B-4D16-A40F-B241E9C67DD1}.Release|Any CPU.ActiveCfg = Release|Any CPU
		{ABFBF093-229B-4D16-A40F-B241E9C67DD1}.Release|Any CPU.Build.0 = Release|Any CPU
		{EB49F264-2586-4775-85B4-9A356215C532}.Debug|Any CPU.ActiveCfg = Debug|Any CPU
		{EB49F264-2586-4775-85B4-9A356215C532}.Debug|Any CPU.Build.0 = Debug|Any CPU
		{EB49F264-2586-4775-85B4-9A356215C532}.Release|Any CPU.ActiveCfg = Release|Any CPU
		{EB49F264-2586-4775-85B4-9A356215C532}.Release|Any CPU.Build.0 = Release|Any CPU
	EndGlobalSection
	GlobalSection(SolutionProperties) = preSolution
		HideSolutionNode = FALSE
	EndGlobalSection
	GlobalSection(ExtensibilityGlobals) = postSolution
		SolutionGuid = {918903D7-59E0-455D-807E-E7197F13830A}
	EndGlobalSection
EndGlobal
